
Microsoft Visual Studio Solution File, Format Version 12.00
# Visual Studio Version 17
VisualStudioVersion = 17.8.34525.116
MinimumVisualStudioVersion = 10.0.40219.1
Project("{FAE04EC0-301F-11D3-BF4B-00C04F79EFBC}") = "exerc9", "exerc9\exerc9.csproj", "{565CC15C-16F5-46AC-A426-BDA35A79A225}"
EndProject
Global
	GlobalSection(SolutionConfigurationPlatforms) = preSolution
		Debug|Any CPU = Debug|Any CPU
		Release|Any CPU = Release|Any CPU
	EndGlobalSection
	GlobalSection(ProjectConfigurationPlatforms) = postSolution
		{565CC15C-16F5-46AC-A426-BDA35A79A225}.Debug|Any CPU.ActiveCfg = Debug|Any CPU
		{565CC15C-16F5-46AC-A426-BDA35A79A225}.Debug|Any CPU.Build.0 = Debug|Any CPU
		{565CC15C-16F5-46AC-A426-BDA35A79A225}.Release|Any CPU.ActiveCfg = Release|Any CPU
		{565CC15C-16F5-46AC-A426-BDA35A79A225}.Release|Any CPU.Build.0 = Release|Any CPU
	EndGlobalSection
	GlobalSection(SolutionProperties) = preSolution
		HideSolutionNode = FALSE
	EndGlobalSection
	GlobalSection(ExtensibilityGlobals) = postSolution
		SolutionGuid = {4E4C203D-9C26-4AF2-9AE7-521E371C4A15}
	EndGlobalSection
EndGlobal
